
Microsoft Visual Studio Solution File, Format Version 12.00
# Visual Studio Version 16
VisualStudioVersion = 16.0.30907.101
MinimumVisualStudioVersion = 10.0.40219.1
Project("{FAE04EC0-301F-11D3-BF4B-00C04F79EFBC}") = "eGym.MVC", "eGym.MVC.csproj", "{F8D5A512-BF0D-4A84-A1BF-D83C9F60D941}"
EndProject
Project("{FAE04EC0-301F-11D3-BF4B-00C04F79EFBC}") = "eGym.Application", "..\eGym.Application\eGym.Application.csproj", "{7C81CF12-77FB-4FE3-9D60-F23943385AAA}"
EndProject
Global
	GlobalSection(SolutionConfigurationPlatforms) = preSolution
		Debug|Any CPU = Debug|Any CPU
		Release|Any CPU = Release|Any CPU
	EndGlobalSection
	GlobalSection(ProjectConfigurationPlatforms) = postSolution
		{F8D5A512-BF0D-4A84-A1BF-D83C9F60D941}.Debug|Any CPU.ActiveCfg = Debug|Any CPU
		{F8D5A512-BF0D-4A84-A1BF-D83C9F60D941}.Debug|Any CPU.Build.0 = Debug|Any CPU
		{F8D5A512-BF0D-4A84-A1BF-D83C9F60D941}.Release|Any CPU.ActiveCfg = Release|Any CPU
		{F8D5A512-BF0D-4A84-A1BF-D83C9F60D941}.Release|Any CPU.Build.0 = Release|Any CPU
		{7C81CF12-77FB-4FE3-9D60-F23943385AAA}.Debug|Any CPU.ActiveCfg = Debug|Any CPU
		{7C81CF12-77FB-4FE3-9D60-F23943385AAA}.Debug|Any CPU.Build.0 = Debug|Any CPU
		{7C81CF12-77FB-4FE3-9D60-F23943385AAA}.Release|Any CPU.ActiveCfg = Release|Any CPU
		{7C81CF12-77FB-4FE3-9D60-F23943385AAA}.Release|Any CPU.Build.0 = Release|Any CPU
	EndGlobalSection
	GlobalSection(SolutionProperties) = preSolution
		HideSolutionNode = FALSE
	EndGlobalSection
	GlobalSection(ExtensibilityGlobals) = postSolution
		SolutionGuid = {84AAF9D8-752D-45C4-959C-0804E5C8A46B}
	EndGlobalSection
EndGlobal
